
Microsoft Visual Studio Solution File, Format Version 12.00
# Visual Studio Version 17
VisualStudioVersion = 17.14.36623.8 d17.14
MinimumVisualStudioVersion = 10.0.40219.1
Project("{FAE04EC0-301F-11D3-BF4B-00C04F79EFBC}") = "CarRental.Domain", "CarRental.Domain\CarRental.Domain.csproj", "{FD06D114-BBF1-42CD-9385-027434BF2D70}"
EndProject
Project("{FAE04EC0-301F-11D3-BF4B-00C04F79EFBC}") = "CarRental.Tests", "CarRental.Tests\CarRental.Tests.csproj", "{363BDF53-F3A5-46CD-989C-F0E808CF76E2}"
EndProject
Global
	GlobalSection(SolutionConfigurationPlatforms) = preSolution
		Debug|Any CPU = Debug|Any CPU
		Release|Any CPU = Release|Any CPU
	EndGlobalSection
	GlobalSection(ProjectConfigurationPlatforms) = postSolution
		{FD06D114-BBF1-42CD-9385-027434BF2D70}.Debug|Any CPU.ActiveCfg = Debug|Any CPU
		{FD06D114-BBF1-42CD-9385-027434BF2D70}.Debug|Any CPU.Build.0 = Debug|Any CPU
		{FD06D114-BBF1-42CD-9385-027434BF2D70}.Release|Any CPU.ActiveCfg = Release|Any CPU
		{FD06D114-BBF1-42CD-9385-027434BF2D70}.Release|Any CPU.Build.0 = Release|Any CPU
		{363BDF53-F3A5-46CD-989C-F0E808CF76E2}.Debug|Any CPU.ActiveCfg = Debug|Any CPU
		{363BDF53-F3A5-46CD-989C-F0E808CF76E2}.Debug|Any CPU.Build.0 = Debug|Any CPU
		{363BDF53-F3A5-46CD-989C-F0E808CF76E2}.Release|Any CPU.ActiveCfg = Release|Any CPU
		{363BDF53-F3A5-46CD-989C-F0E808CF76E2}.Release|Any CPU.Build.0 = Release|Any CPU
	EndGlobalSection
	GlobalSection(SolutionProperties) = preSolution
		HideSolutionNode = FALSE
	EndGlobalSection
	GlobalSection(ExtensibilityGlobals) = postSolution
		SolutionGuid = {C5731E4C-1C6F-4CAB-85FF-19EC34A80156}
	EndGlobalSection
EndGlobal
